{
  "name": "authenticator",
  "version": "0.1.0",
  "lockfileVersion": 1,
  "requires": true,
  "dependencies": {
    "@types/chrome": {
      "version": "0.0.59",
      "resolved": "https://registry.npmjs.org/@types/chrome/-/chrome-0.0.59.tgz",
      "integrity": "sha512-wbzlTyfybnPgKDgc6krdbZW+8QPTYedWptjB4szZU4mWmhm9+Gn8yjDJQe2rM+HiYp3iTdP6yOa0kBDURStjEg==",
      "dev": true,
      "requires": {
        "@types/filesystem": "0.0.28"
      }
    },
    "@types/crypto-js": {
      "version": "3.1.38",
      "resolved": "http://registry.npm.taobao.org/@types/crypto-js/download/@types/crypto-js-3.1.38.tgz",
      "integrity": "sha1-4TZ/dz7d4phrqa6+478c3z6Bil0=",
      "dev": true
    },
    "@types/filesystem": {
      "version": "0.0.28",
      "resolved": "http://registry.npm.taobao.org/@types/filesystem/download/@types/filesystem-0.0.28.tgz",
      "integrity": "sha1-P9dzWDDyx0E8taxFeAvEWQRpew4=",
      "dev": true,
      "requires": {
        "@types/filewriter": "0.0.28"
      }
    },
    "@types/filewriter": {
      "version": "0.0.28",
      "resolved": "http://registry.npm.taobao.org/@types/filewriter/download/@types/filewriter-0.0.28.tgz",
      "integrity": "sha1-wFTor02d11205jq8dviFFocU1LM=",
      "dev": true
    },
    "@types/jssha": {
      "version": "0.0.29",
      "resolved": "https://registry.npmjs.org/@types/jssha/-/jssha-0.0.29.tgz",
      "integrity": "sha1-leg9uph4f/eW0tXzehklq/Qbycs=",
      "dev": true
    },
    "@types/vue": {
      "version": "2.0.0",
      "resolved": "http://registry.npm.taobao.org/@types/vue/download/@types/vue-2.0.0.tgz",
      "integrity": "sha1-7Hez2JWR3rnKXLBSNoqpwyvgiOc=",
      "dev": true,
      "requires": {
        "vue": "2.5.13"
      }
    },
    "ansi-align": {
      "version": "2.0.0",
      "resolved": "http://registry.npm.taobao.org/ansi-align/download/ansi-align-2.0.0.tgz",
      "integrity": "sha1-w2rsy6VjuJzrVW82kPCx2eNUf38=",
      "dev": true,
      "requires": {
        "string-width": "2.1.1"
      }
    },
    "ansi-escapes": {
      "version": "3.0.0",
      "resolved": "http://registry.npm.taobao.org/ansi-escapes/download/ansi-escapes-3.0.0.tgz",
      "integrity": "sha1-7D6LTp+AZPwCw6ybZfHCdb2o75I=",
      "dev": true
    },
    "ansi-regex": {
      "version": "3.0.0",
      "resolved": "http://registry.npm.taobao.org/ansi-regex/download/ansi-regex-3.0.0.tgz",
      "integrity": "sha1-7QMXwyIGT3lGbAKWa922Bas32Zg=",
      "dev": true
    },
    "ansi-styles": {
      "version": "3.2.0",
      "resolved": "http://registry.npm.taobao.org/ansi-styles/download/ansi-styles-3.2.0.tgz",
      "integrity": "sha1-wVm41b4PnlpvNG2rlPFs4CIWG4g=",
      "dev": true,
      "requires": {
        "color-convert": "1.9.1"
      }
    },
    "array-find-index": {
      "version": "1.0.2",
      "resolved": "http://registry.npm.taobao.org/array-find-index/download/array-find-index-1.0.2.tgz",
      "integrity": "sha1-3wEKoSh+Fku9pvlyOwqWoexBh6E=",
      "dev": true
    },
    "arrify": {
      "version": "1.0.1",
      "resolved": "http://registry.npm.taobao.org/arrify/download/arrify-1.0.1.tgz",
      "integrity": "sha1-iYUI2iIm84DfkEcoRWhJwVAaSw0=",
      "dev": true
    },
    "async": {
      "version": "1.5.2",
      "resolved": "http://registry.npm.taobao.org/async/download/async-1.5.2.tgz",
      "integrity": "sha1-7GphrlZIDAw8skHJVhjiCJL5Zyo=",
      "dev": true
    },
    "babel-code-frame": {
      "version": "6.26.0",
      "resolved": "http://registry.npm.taobao.org/babel-code-frame/download/babel-code-frame-6.26.0.tgz",
      "integrity": "sha1-Y/1D99weO7fONZR9uP42mj9Yx0s=",
      "dev": true,
      "requires": {
        "chalk": "1.1.3",
        "esutils": "2.0.2",
        "js-tokens": "3.0.2"
      },
      "dependencies": {
        "ansi-regex": {
          "version": "2.1.1",
          "resolved": "http://registry.npm.taobao.org/ansi-regex/download/ansi-regex-2.1.1.tgz",
          "integrity": "sha1-w7M6te42DYbg5ijwRorn7yfWVN8=",
          "dev": true
        },
        "ansi-styles": {
          "version": "2.2.1",
          "resolved": "http://registry.npm.taobao.org/ansi-styles/download/ansi-styles-2.2.1.tgz",
          "integrity": "sha1-tDLdM1i2NM914eRmQ2gkBTPB3b4=",
          "dev": true
        },
        "chalk": {
          "version": "1.1.3",
          "resolved": "http://registry.npm.taobao.org/chalk/download/chalk-1.1.3.tgz",
          "integrity": "sha1-qBFcVeSnAv5NFQq9OHKCKn4J/Jg=",
          "dev": true,
          "requires": {
            "ansi-styles": "2.2.1",
            "escape-string-regexp": "1.0.5",
            "has-ansi": "2.0.0",
            "strip-ansi": "3.0.1",
            "supports-color": "2.0.0"
          }
        },
        "strip-ansi": {
          "version": "3.0.1",
          "resolved": "http://registry.npm.taobao.org/strip-ansi/download/strip-ansi-3.0.1.tgz",
          "integrity": "sha1-ajhfuIU9lS1f8F0Oiq+UJ43GPc8=",
          "dev": true,
          "requires": {
            "ansi-regex": "2.1.1"
          }
        },
        "supports-color": {
          "version": "2.0.0",
          "resolved": "http://registry.npm.taobao.org/supports-color/download/supports-color-2.0.0.tgz",
          "integrity": "sha1-U10EXOa2Nj+kARcIRimZXp3zJMc=",
          "dev": true
        }
      }
    },
    "balanced-match": {
      "version": "1.0.0",
      "resolved": "http://registry.npm.taobao.org/balanced-match/download/balanced-match-1.0.0.tgz",
      "integrity": "sha1-ibTRmasr7kneFk6gK4nORi1xt2c=",
      "dev": true
    },
    "boxen": {
      "version": "1.3.0",
      "resolved": "http://registry.npm.taobao.org/boxen/download/boxen-1.3.0.tgz",
      "integrity": "sha1-VcbDmouljZxhrSLNh3Uy3rZlogs=",
      "dev": true,
      "requires": {
        "ansi-align": "2.0.0",
        "camelcase": "4.1.0",
        "chalk": "2.3.0",
        "cli-boxes": "1.0.0",
        "string-width": "2.1.1",
        "term-size": "1.2.0",
        "widest-line": "2.0.0"
      }
    },
    "brace-expansion": {
      "version": "1.1.8",
      "resolved": "http://registry.npm.taobao.org/brace-expansion/download/brace-expansion-1.1.8.tgz",
      "integrity": "sha1-wHshHHyVLsH479Uad+8NHTmQopI=",
      "dev": true,
      "requires": {
        "balanced-match": "1.0.0",
        "concat-map": "0.0.1"
      }
    },
    "builtin-modules": {
      "version": "1.1.1",
      "resolved": "http://registry.npm.taobao.org/builtin-modules/download/builtin-modules-1.1.1.tgz",
      "integrity": "sha1-Jw8HbFpywC9bZaR9+Uxf46J4iS8=",
      "dev": true
    },
    "camelcase": {
      "version": "4.1.0",
      "resolved": "http://registry.npm.taobao.org/camelcase/download/camelcase-4.1.0.tgz",
      "integrity": "sha1-1UVjW+HjPFQmScaRc+Xeas+uNN0=",
      "dev": true
    },
    "camelcase-keys": {
      "version": "4.2.0",
      "resolved": "http://registry.npm.taobao.org/camelcase-keys/download/camelcase-keys-4.2.0.tgz",
      "integrity": "sha1-oqpfsa9oh1glnDLBQUJteJI7m3c=",
      "dev": true,
      "requires": {
        "camelcase": "4.1.0",
        "map-obj": "2.0.0",
        "quick-lru": "1.1.0"
      }
    },
    "capture-stack-trace": {
      "version": "1.0.0",
      "resolved": "http://registry.npm.taobao.org/capture-stack-trace/download/capture-stack-trace-1.0.0.tgz",
      "integrity": "sha1-Sm+gc5nCa7pH8LJJa00PtAjFVQ0=",
      "dev": true
    },
    "chalk": {
      "version": "2.3.0",
      "resolved": "http://registry.npm.taobao.org/chalk/download/chalk-2.3.0.tgz",
      "integrity": "sha1-tepI78nBeT3MybR2fJORTT8tUro=",
      "dev": true,
      "requires": {
        "ansi-styles": "3.2.0",
        "escape-string-regexp": "1.0.5",
        "supports-color": "4.5.0"
      }
    },
    "chardet": {
      "version": "0.4.2",
      "resolved": "http://registry.npm.taobao.org/chardet/download/chardet-0.4.2.tgz",
      "integrity": "sha1-tUc7M9yXxCTl2Y3IfVXU2KKci/I=",
      "dev": true
    },
    "clang-format": {
      "version": "1.2.1",
      "resolved": "http://registry.npm.taobao.org/clang-format/download/clang-format-1.2.1.tgz",
      "integrity": "sha1-UYVk1fC28Fdm57JB4CAbMgnijqw=",
      "dev": true,
      "requires": {
        "async": "1.5.2",
        "glob": "7.1.2",
        "resolve": "1.5.0"
      }
    },
    "cli-boxes": {
      "version": "1.0.0",
      "resolved": "http://registry.npm.taobao.org/cli-boxes/download/cli-boxes-1.0.0.tgz",
      "integrity": "sha1-T6kXw+WclKAEzWH47lCdplFocUM=",
      "dev": true
    },
    "cli-cursor": {
      "version": "2.1.0",
      "resolved": "http://registry.npm.taobao.org/cli-cursor/download/cli-cursor-2.1.0.tgz",
      "integrity": "sha1-s12sN2R5+sw+lHR9QdDQ9SOP/LU=",
      "dev": true,
      "requires": {
        "restore-cursor": "2.0.0"
      }
    },
    "cli-width": {
      "version": "2.2.0",
      "resolved": "http://registry.npm.taobao.org/cli-width/download/cli-width-2.2.0.tgz",
      "integrity": "sha1-/xnt6Kml5XkyQUewwR8PvLq+1jk=",
      "dev": true
    },
    "color-convert": {
      "version": "1.9.1",
      "resolved": "http://registry.npm.taobao.org/color-convert/download/color-convert-1.9.1.tgz",
      "integrity": "sha1-wSYRB66y8pTr/+ye2eytUppgl+0=",
      "dev": true,
      "requires": {
        "color-name": "1.1.3"
      }
    },
    "color-name": {
      "version": "1.1.3",
      "resolved": "http://registry.npm.taobao.org/color-name/download/color-name-1.1.3.tgz",
      "integrity": "sha1-p9BVi9icQveV3UIyj3QIMcpTvCU=",
      "dev": true
    },
    "commander": {
      "version": "2.12.2",
      "resolved": "http://registry.npm.taobao.org/commander/download/commander-2.12.2.tgz",
      "integrity": "sha1-D1lGxCftnsDZGka7ne9T5UZQ5VU=",
      "dev": true
    },
    "concat-map": {
      "version": "0.0.1",
      "resolved": "http://registry.npm.taobao.org/concat-map/download/concat-map-0.0.1.tgz",
      "integrity": "sha1-2Klr13/Wjfd5OnMDajug1UBdR3s=",
      "dev": true
    },
    "configstore": {
      "version": "3.1.1",
      "resolved": "http://registry.npm.taobao.org/configstore/download/configstore-3.1.1.tgz",
      "integrity": "sha1-CU7mYquD+tmRdnjeEU+q6o/NypA=",
      "dev": true,
      "requires": {
        "dot-prop": "4.2.0",
        "graceful-fs": "4.1.11",
        "make-dir": "1.1.0",
        "unique-string": "1.0.0",
        "write-file-atomic": "2.3.0",
        "xdg-basedir": "3.0.0"
      }
    },
    "create-error-class": {
      "version": "3.0.2",
      "resolved": "http://registry.npm.taobao.org/create-error-class/download/create-error-class-3.0.2.tgz",
      "integrity": "sha1-Br56vvlHo/FKMP1hBnHUAbyot7Y=",
      "dev": true,
      "requires": {
        "capture-stack-trace": "1.0.0"
      }
    },
    "cross-spawn": {
      "version": "5.1.0",
      "resolved": "http://registry.npm.taobao.org/cross-spawn/download/cross-spawn-5.1.0.tgz",
      "integrity": "sha1-6L0O/uWPz/b4+UUQoKVUu/ojVEk=",
      "dev": true,
      "requires": {
        "lru-cache": "4.1.1",
        "shebang-command": "1.2.0",
        "which": "1.3.0"
      }
    },
    "crypto-js": {
      "version": "3.1.9-1",
      "resolved": "http://registry.npm.taobao.org/crypto-js/download/crypto-js-3.1.9-1.tgz",
      "integrity": "sha1-/aGedh/Ad+Af+/3G6f38WeiAbNg="
    },
    "crypto-random-string": {
      "version": "1.0.0",
      "resolved": "http://registry.npm.taobao.org/crypto-random-string/download/crypto-random-string-1.0.0.tgz",
      "integrity": "sha1-ojD2T1aDEOFJgAmUB5DsmVRbyn4=",
      "dev": true
    },
    "currently-unhandled": {
      "version": "0.4.1",
      "resolved": "http://registry.npm.taobao.org/currently-unhandled/download/currently-unhandled-0.4.1.tgz",
      "integrity": "sha1-mI3zP+qxke95mmE2nddsF635V+o=",
      "dev": true,
      "requires": {
        "array-find-index": "1.0.2"
      }
    },
    "decamelize": {
      "version": "1.2.0",
      "resolved": "http://registry.npm.taobao.org/decamelize/download/decamelize-1.2.0.tgz",
      "integrity": "sha1-9lNNFRSCabIDUue+4m9QH5oZEpA=",
      "dev": true
    },
    "decamelize-keys": {
      "version": "1.1.0",
      "resolved": "http://registry.npm.taobao.org/decamelize-keys/download/decamelize-keys-1.1.0.tgz",
      "integrity": "sha1-0XGoeTMlKAfrPLYdwcFEXQeN8tk=",
      "dev": true,
      "requires": {
        "decamelize": "1.2.0",
        "map-obj": "1.0.1"
      },
      "dependencies": {
        "map-obj": {
          "version": "1.0.1",
          "resolved": "http://registry.npm.taobao.org/map-obj/download/map-obj-1.0.1.tgz",
          "integrity": "sha1-2TPOuSBdgr3PSIb2dCvcK03qFG0=",
          "dev": true
        }
      }
    },
    "deep-extend": {
      "version": "0.4.2",
      "resolved": "http://registry.npm.taobao.org/deep-extend/download/deep-extend-0.4.2.tgz",
      "integrity": "sha1-SLaZwn4zS/ifEIkr5DL25MfTSn8=",
      "dev": true
    },
    "diff": {
      "version": "3.4.0",
      "resolved": "http://registry.npm.taobao.org/diff/download/diff-3.4.0.tgz",
      "integrity": "sha1-sdhVB9rzlkgo3lSzfQ1zumfdpWw=",
      "dev": true
    },
    "dot-prop": {
      "version": "4.2.0",
      "resolved": "http://registry.npm.taobao.org/dot-prop/download/dot-prop-4.2.0.tgz",
      "integrity": "sha1-HxngwuGqDjJ5fEl5nyg3rGr2nFc=",
      "dev": true,
      "requires": {
        "is-obj": "1.0.1"
      }
    },
    "duplexer3": {
      "version": "0.1.4",
      "resolved": "http://registry.npm.taobao.org/duplexer3/download/duplexer3-0.1.4.tgz",
      "integrity": "sha1-7gHdHKwO08vH/b6jfcCo8c4ALOI=",
      "dev": true
    },
    "error-ex": {
      "version": "1.3.1",
      "resolved": "http://registry.npm.taobao.org/error-ex/download/error-ex-1.3.1.tgz",
      "integrity": "sha1-+FWobOYa3E6GIcPNoh56dhLDqNw=",
      "dev": true,
      "requires": {
        "is-arrayish": "0.2.1"
      }
    },
    "escape-string-regexp": {
      "version": "1.0.5",
      "resolved": "http://registry.npm.taobao.org/escape-string-regexp/download/escape-string-regexp-1.0.5.tgz",
      "integrity": "sha1-G2HAViGQqN/2rjuyzwIAyhMLhtQ=",
      "dev": true
    },
    "esutils": {
      "version": "2.0.2",
      "resolved": "http://registry.npm.taobao.org/esutils/download/esutils-2.0.2.tgz",
      "integrity": "sha1-Cr9PHKpbyx96nYrMbepPqqBLrJs=",
      "dev": true
    },
    "execa": {
      "version": "0.7.0",
      "resolved": "http://registry.npm.taobao.org/execa/download/execa-0.7.0.tgz",
      "integrity": "sha1-lEvs00zEHuMqY6n68nrVpl/Fl3c=",
      "dev": true,
      "requires": {
        "cross-spawn": "5.1.0",
        "get-stream": "3.0.0",
        "is-stream": "1.1.0",
        "npm-run-path": "2.0.2",
        "p-finally": "1.0.0",
        "signal-exit": "3.0.2",
        "strip-eof": "1.0.0"
      }
    },
    "external-editor": {
      "version": "2.1.0",
      "resolved": "http://registry.npm.taobao.org/external-editor/download/external-editor-2.1.0.tgz",
      "integrity": "sha1-PQJqIbf5W1cmOH1CAKwWDTcsO0g=",
      "dev": true,
      "requires": {
        "chardet": "0.4.2",
        "iconv-lite": "0.4.19",
        "tmp": "0.0.33"
      }
    },
    "figures": {
      "version": "2.0.0",
      "resolved": "http://registry.npm.taobao.org/figures/download/figures-2.0.0.tgz",
      "integrity": "sha1-OrGi0qYsi/tDGgyUy3l6L84nyWI=",
      "dev": true,
      "requires": {
        "escape-string-regexp": "1.0.5"
      }
    },
    "find-up": {
      "version": "2.1.0",
      "resolved": "http://registry.npm.taobao.org/find-up/download/find-up-2.1.0.tgz",
      "integrity": "sha1-RdG35QbHF93UgndaK3eSCjwMV6c=",
      "dev": true,
      "requires": {
        "locate-path": "2.0.0"
      }
    },
    "fs.realpath": {
      "version": "1.0.0",
      "resolved": "http://registry.npm.taobao.org/fs.realpath/download/fs.realpath-1.0.0.tgz",
      "integrity": "sha1-FQStJSMVjKpA20onh8sBQRmU6k8=",
      "dev": true
    },
    "get-stream": {
      "version": "3.0.0",
      "resolved": "http://registry.npm.taobao.org/get-stream/download/get-stream-3.0.0.tgz",
      "integrity": "sha1-jpQ9E1jcN1VQVOy+LtsFqhdO3hQ=",
      "dev": true
    },
    "glob": {
      "version": "7.1.2",
      "resolved": "http://registry.npm.taobao.org/glob/download/glob-7.1.2.tgz",
      "integrity": "sha1-wZyd+aAocC1nhhI4SmVSQExjbRU=",
      "dev": true,
      "requires": {
        "fs.realpath": "1.0.0",
        "inflight": "1.0.6",
        "inherits": "2.0.3",
        "minimatch": "3.0.4",
        "once": "1.4.0",
        "path-is-absolute": "1.0.1"
      }
    },
    "global-dirs": {
      "version": "0.1.1",
      "resolved": "http://registry.npm.taobao.org/global-dirs/download/global-dirs-0.1.1.tgz",
      "integrity": "sha1-sxnA3UYH81PzvpzKTHL8FIxJ9EU=",
      "dev": true,
      "requires": {
        "ini": "1.3.5"
      }
    },
    "got": {
      "version": "6.7.1",
      "resolved": "http://registry.npm.taobao.org/got/download/got-6.7.1.tgz",
      "integrity": "sha1-JAzQV4WpoY5WHcG0S0HHY+8ejbA=",
      "dev": true,
      "requires": {
        "create-error-class": "3.0.2",
        "duplexer3": "0.1.4",
        "get-stream": "3.0.0",
        "is-redirect": "1.0.0",
        "is-retry-allowed": "1.1.0",
        "is-stream": "1.1.0",
        "lowercase-keys": "1.0.0",
        "safe-buffer": "5.1.1",
        "timed-out": "4.0.1",
        "unzip-response": "2.0.1",
        "url-parse-lax": "1.0.0"
      }
    },
    "graceful-fs": {
      "version": "4.1.11",
      "resolved": "http://registry.npm.taobao.org/graceful-fs/download/graceful-fs-4.1.11.tgz",
      "integrity": "sha1-Dovf5NHduIVNZOBOp8AOKgJuVlg=",
      "dev": true
    },
    "gts": {
      "version": "0.5.2",
      "resolved": "http://registry.npm.taobao.org/gts/download/gts-0.5.2.tgz",
      "integrity": "sha1-h2FxIasZDXK6SbFww7utF6T89S8=",
      "dev": true,
      "requires": {
        "chalk": "2.3.0",
        "clang-format": "1.2.1",
        "inquirer": "3.3.0",
        "meow": "4.0.0",
        "pify": "3.0.0",
        "rimraf": "2.6.2",
        "tslint": "5.8.0",
        "update-notifier": "2.3.0",
        "write-file-atomic": "2.3.0"
      }
    },
    "has-ansi": {
      "version": "2.0.0",
      "resolved": "http://registry.npm.taobao.org/has-ansi/download/has-ansi-2.0.0.tgz",
      "integrity": "sha1-NPUEnOHs3ysGSa8+8k5F7TVBbZE=",
      "dev": true,
      "requires": {
        "ansi-regex": "2.1.1"
      },
      "dependencies": {
        "ansi-regex": {
          "version": "2.1.1",
          "resolved": "http://registry.npm.taobao.org/ansi-regex/download/ansi-regex-2.1.1.tgz",
          "integrity": "sha1-w7M6te42DYbg5ijwRorn7yfWVN8=",
          "dev": true
        }
      }
    },
    "has-flag": {
      "version": "2.0.0",
      "resolved": "http://registry.npm.taobao.org/has-flag/download/has-flag-2.0.0.tgz",
      "integrity": "sha1-6CB68cx7MNRGzHC3NLXovhj4jVE=",
      "dev": true
    },
    "hosted-git-info": {
      "version": "2.5.0",
      "resolved": "http://registry.npm.taobao.org/hosted-git-info/download/hosted-git-info-2.5.0.tgz",
      "integrity": "sha1-bWDjSzq7yDEwYsO3mO+NkBoHrzw=",
      "dev": true
    },
    "iconv-lite": {
      "version": "0.4.19",
      "resolved": "http://registry.npm.taobao.org/iconv-lite/download/iconv-lite-0.4.19.tgz",
      "integrity": "sha1-90aPYBNfXl2tM5nAqBvpoWA6CCs=",
      "dev": true
    },
    "import-lazy": {
      "version": "2.1.0",
      "resolved": "http://registry.npm.taobao.org/import-lazy/download/import-lazy-2.1.0.tgz",
      "integrity": "sha1-BWmOPUXIjo1+nZLLBYTnfwlvPkM=",
      "dev": true
    },
    "imurmurhash": {
      "version": "0.1.4",
      "resolved": "http://registry.npm.taobao.org/imurmurhash/download/imurmurhash-0.1.4.tgz",
      "integrity": "sha1-khi5srkoojixPcT7a21XbyMUU+o=",
      "dev": true
    },
    "indent-string": {
      "version": "3.2.0",
      "resolved": "http://registry.npm.taobao.org/indent-string/download/indent-string-3.2.0.tgz",
      "integrity": "sha1-Sl/W0nzDMvN+VBmlBNu4NxBckok=",
      "dev": true
    },
    "inflight": {
      "version": "1.0.6",
      "resolved": "http://registry.npm.taobao.org/inflight/download/inflight-1.0.6.tgz",
      "integrity": "sha1-Sb1jMdfQLQwJvJEKEHW6gWW1bfk=",
      "dev": true,
      "requires": {
        "once": "1.4.0",
        "wrappy": "1.0.2"
      }
    },
    "inherits": {
      "version": "2.0.3",
      "resolved": "http://registry.npm.taobao.org/inherits/download/inherits-2.0.3.tgz",
      "integrity": "sha1-Yzwsg+PaQqUC9SRmAiSA9CCCYd4=",
      "dev": true
    },
    "ini": {
      "version": "1.3.5",
      "resolved": "http://registry.npm.taobao.org/ini/download/ini-1.3.5.tgz",
      "integrity": "sha1-7uJfVtscnsYIXgwid4CD9Zar+Sc=",
      "dev": true
    },
    "inquirer": {
      "version": "3.3.0",
      "resolved": "http://registry.npm.taobao.org/inquirer/download/inquirer-3.3.0.tgz",
      "integrity": "sha1-ndLyrXZdyrH/BEO0kUQqILoifck=",
      "dev": true,
      "requires": {
        "ansi-escapes": "3.0.0",
        "chalk": "2.3.0",
        "cli-cursor": "2.1.0",
        "cli-width": "2.2.0",
        "external-editor": "2.1.0",
        "figures": "2.0.0",
        "lodash": "4.17.4",
        "mute-stream": "0.0.7",
        "run-async": "2.3.0",
        "rx-lite": "4.0.8",
        "rx-lite-aggregates": "4.0.8",
        "string-width": "2.1.1",
        "strip-ansi": "4.0.0",
        "through": "2.3.8"
      }
    },
    "is-arrayish": {
      "version": "0.2.1",
      "resolved": "http://registry.npm.taobao.org/is-arrayish/download/is-arrayish-0.2.1.tgz",
      "integrity": "sha1-d8mYQFJ6qOyxqLppe4BkWnqSap0=",
      "dev": true
    },
    "is-builtin-module": {
      "version": "1.0.0",
      "resolved": "http://registry.npm.taobao.org/is-builtin-module/download/is-builtin-module-1.0.0.tgz",
      "integrity": "sha1-VAVy0096wxGfj3bDDLwbHgN6/74=",
      "dev": true,
      "requires": {
        "builtin-modules": "1.1.1"
      }
    },
    "is-fullwidth-code-point": {
      "version": "2.0.0",
      "resolved": "http://registry.npm.taobao.org/is-fullwidth-code-point/download/is-fullwidth-code-point-2.0.0.tgz",
      "integrity": "sha1-o7MKXE8ZkYMWeqq5O+764937ZU8=",
      "dev": true
    },
    "is-installed-globally": {
      "version": "0.1.0",
      "resolved": "http://registry.npm.taobao.org/is-installed-globally/download/is-installed-globally-0.1.0.tgz",
      "integrity": "sha1-Df2Y9akRFxbdU13aZJL2e/PSWoA=",
      "dev": true,
      "requires": {
        "global-dirs": "0.1.1",
        "is-path-inside": "1.0.1"
      }
    },
    "is-npm": {
      "version": "1.0.0",
      "resolved": "http://registry.npm.taobao.org/is-npm/download/is-npm-1.0.0.tgz",
      "integrity": "sha1-8vtjpl5JBbQGyGBydloaTceTufQ=",
      "dev": true
    },
    "is-obj": {
      "version": "1.0.1",
      "resolved": "http://registry.npm.taobao.org/is-obj/download/is-obj-1.0.1.tgz",
      "integrity": "sha1-PkcprB9f3gJc19g6iW2rn09n2w8=",
      "dev": true
    },
    "is-path-inside": {
      "version": "1.0.1",
      "resolved": "http://registry.npm.taobao.org/is-path-inside/download/is-path-inside-1.0.1.tgz",
      "integrity": "sha1-jvW33lBDej/cprToZe96pVy0gDY=",
      "dev": true,
      "requires": {
        "path-is-inside": "1.0.2"
      }
    },
    "is-plain-obj": {
      "version": "1.1.0",
      "resolved": "http://registry.npm.taobao.org/is-plain-obj/download/is-plain-obj-1.1.0.tgz",
      "integrity": "sha1-caUMhCnfync8kqOQpKA7OfzVHT4=",
      "dev": true
    },
    "is-promise": {
      "version": "2.1.0",
      "resolved": "http://registry.npm.taobao.org/is-promise/download/is-promise-2.1.0.tgz",
      "integrity": "sha1-eaKp7OfwlugPNtKy87wWwf9L8/o=",
      "dev": true
    },
    "is-redirect": {
      "version": "1.0.0",
      "resolved": "http://registry.npm.taobao.org/is-redirect/download/is-redirect-1.0.0.tgz",
      "integrity": "sha1-HQPd7VO9jbDzDCbk+V02/HyH3CQ=",
      "dev": true
    },
    "is-retry-allowed": {
      "version": "1.1.0",
      "resolved": "http://registry.npm.taobao.org/is-retry-allowed/download/is-retry-allowed-1.1.0.tgz",
      "integrity": "sha1-EaBgVotnM5REAz0BJaYaINVk+zQ=",
      "dev": true
    },
    "is-stream": {
      "version": "1.1.0",
      "resolved": "http://registry.npm.taobao.org/is-stream/download/is-stream-1.1.0.tgz",
      "integrity": "sha1-EtSj3U5o4Lec6428hBc66A2RykQ=",
      "dev": true
    },
    "isexe": {
      "version": "2.0.0",
      "resolved": "http://registry.npm.taobao.org/isexe/download/isexe-2.0.0.tgz",
      "integrity": "sha1-6PvzdNxVb/iUehDcsFctYz8s+hA=",
      "dev": true
    },
    "js-tokens": {
      "version": "3.0.2",
      "resolved": "http://registry.npm.taobao.org/js-tokens/download/js-tokens-3.0.2.tgz",
      "integrity": "sha1-mGbfOVECEw449/mWvOtlRDIJwls=",
      "dev": true
    },
    "json-parse-better-errors": {
      "version": "1.0.1",
      "resolved": "http://registry.npm.taobao.org/json-parse-better-errors/download/json-parse-better-errors-1.0.1.tgz",
      "integrity": "sha1-UBg80bLSUnXeBp6ecbRnrJ6rlzo=",
      "dev": true
    },
    "jssha": {
      "version": "2.3.1",
      "resolved": "https://registry.npmjs.org/jssha/-/jssha-2.3.1.tgz",
      "integrity": "sha1-FHshJTaQNcpLL30hDcU58Amz3po="
    },
    "latest-version": {
      "version": "3.1.0",
      "resolved": "http://registry.npm.taobao.org/latest-version/download/latest-version-3.1.0.tgz",
      "integrity": "sha1-ogU4P+oyKzO1rjsYq+4NwvNW7hU=",
      "dev": true,
      "requires": {
        "package-json": "4.0.1"
      }
    },
    "load-json-file": {
      "version": "4.0.0",
      "resolved": "http://registry.npm.taobao.org/load-json-file/download/load-json-file-4.0.0.tgz",
      "integrity": "sha1-L19Fq5HjMhYjT9U62rZo607AmTs=",
      "dev": true,
      "requires": {
        "graceful-fs": "4.1.11",
        "parse-json": "4.0.0",
        "pify": "3.0.0",
        "strip-bom": "3.0.0"
      }
    },
    "locate-path": {
      "version": "2.0.0",
      "resolved": "http://registry.npm.taobao.org/locate-path/download/locate-path-2.0.0.tgz",
      "integrity": "sha1-K1aLJl7slExtnA3pw9u7ygNUzY4=",
      "dev": true,
      "requires": {
        "p-locate": "2.0.0",
        "path-exists": "3.0.0"
      }
    },
    "lodash": {
      "version": "4.17.4",
      "resolved": "http://registry.npm.taobao.org/lodash/download/lodash-4.17.4.tgz",
      "integrity": "sha1-eCA6TRwyiuHYbcpkYONptX9AVa4=",
      "dev": true
    },
    "loud-rejection": {
      "version": "1.6.0",
      "resolved": "http://registry.npm.taobao.org/loud-rejection/download/loud-rejection-1.6.0.tgz",
      "integrity": "sha1-W0b4AUft7leIcPCG0Eghz5mOVR8=",
      "dev": true,
      "requires": {
        "currently-unhandled": "0.4.1",
        "signal-exit": "3.0.2"
      }
    },
    "lowercase-keys": {
      "version": "1.0.0",
      "resolved": "http://registry.npm.taobao.org/lowercase-keys/download/lowercase-keys-1.0.0.tgz",
      "integrity": "sha1-TjNms55/VFfjXxMkvfb4jQv8cwY=",
      "dev": true
    },
    "lru-cache": {
      "version": "4.1.1",
      "resolved": "http://registry.npm.taobao.org/lru-cache/download/lru-cache-4.1.1.tgz",
      "integrity": "sha1-Yi4y6CSItJJ5EUpPns9F581rulU=",
      "dev": true,
      "requires": {
        "pseudomap": "1.0.2",
        "yallist": "2.1.2"
      }
    },
    "make-dir": {
      "version": "1.1.0",
      "resolved": "http://registry.npm.taobao.org/make-dir/download/make-dir-1.1.0.tgz",
      "integrity": "sha1-GbQ2n+SMEW9Twq+VrRAsDjnoXVE=",
      "dev": true,
      "requires": {
        "pify": "3.0.0"
      }
    },
    "map-obj": {
      "version": "2.0.0",
      "resolved": "http://registry.npm.taobao.org/map-obj/download/map-obj-2.0.0.tgz",
      "integrity": "sha1-plzSkIepJZi4eRJXpSPgISIqwfk=",
      "dev": true
    },
    "meow": {
      "version": "4.0.0",
      "resolved": "http://registry.npm.taobao.org/meow/download/meow-4.0.0.tgz",
      "integrity": "sha1-/VhV3QCNtbksVSCC2xwwfLogsp0=",
      "dev": true,
      "requires": {
        "camelcase-keys": "4.2.0",
        "decamelize-keys": "1.1.0",
        "loud-rejection": "1.6.0",
        "minimist": "1.2.0",
        "minimist-options": "3.0.2",
        "normalize-package-data": "2.4.0",
        "read-pkg-up": "3.0.0",
        "redent": "2.0.0",
        "trim-newlines": "2.0.0"
      }
    },
    "mimic-fn": {
      "version": "1.1.0",
      "resolved": "http://registry.npm.taobao.org/mimic-fn/download/mimic-fn-1.1.0.tgz",
      "integrity": "sha1-5md4PZLonb00KBi1IwudYqZyrRg=",
      "dev": true
    },
    "minimatch": {
      "version": "3.0.4",
      "resolved": "http://registry.npm.taobao.org/minimatch/download/minimatch-3.0.4.tgz",
      "integrity": "sha1-UWbihkV/AzBgZL5Ul+jbsMPTIIM=",
      "dev": true,
      "requires": {
        "brace-expansion": "1.1.8"
      }
    },
    "minimist": {
      "version": "1.2.0",
      "resolved": "http://registry.npm.taobao.org/minimist/download/minimist-1.2.0.tgz",
      "integrity": "sha1-o1AIsg9BOD7sH7kU9M1d95omQoQ=",
      "dev": true
    },
    "minimist-options": {
      "version": "3.0.2",
      "resolved": "http://registry.npm.taobao.org/minimist-options/download/minimist-options-3.0.2.tgz",
      "integrity": "sha1-+6TIGRM54T7PTWG+sD8HAQPz2VQ=",
      "dev": true,
      "requires": {
        "arrify": "1.0.1",
        "is-plain-obj": "1.1.0"
      }
    },
    "mute-stream": {
      "version": "0.0.7",
      "resolved": "http://registry.npm.taobao.org/mute-stream/download/mute-stream-0.0.7.tgz",
      "integrity": "sha1-MHXOk7whuPq0PhvE2n6BFe0ee6s=",
      "dev": true
    },
    "normalize-package-data": {
      "version": "2.4.0",
      "resolved": "http://registry.npm.taobao.org/normalize-package-data/download/normalize-package-data-2.4.0.tgz",
      "integrity": "sha1-EvlaMH1YNSB1oEkHuErIvpisAS8=",
      "dev": true,
      "requires": {
        "hosted-git-info": "2.5.0",
        "is-builtin-module": "1.0.0",
        "semver": "5.4.1",
        "validate-npm-package-license": "3.0.1"
      }
    },
    "npm-run-path": {
      "version": "2.0.2",
      "resolved": "http://registry.npm.taobao.org/npm-run-path/download/npm-run-path-2.0.2.tgz",
      "integrity": "sha1-NakjLfo11wZ7TLLd8jV7GHFTbF8=",
      "dev": true,
      "requires": {
        "path-key": "2.0.1"
      }
    },
    "once": {
      "version": "1.4.0",
      "resolved": "http://registry.npm.taobao.org/once/download/once-1.4.0.tgz",
      "integrity": "sha1-WDsap3WWHUsROsF9nFC6753Xa9E=",
      "dev": true,
      "requires": {
        "wrappy": "1.0.2"
      }
    },
    "onetime": {
      "version": "2.0.1",
      "resolved": "http://registry.npm.taobao.org/onetime/download/onetime-2.0.1.tgz",
      "integrity": "sha1-BnQoIw/WdEOyeUsiu6UotoZ5YtQ=",
      "dev": true,
      "requires": {
        "mimic-fn": "1.1.0"
      }
    },
    "os-tmpdir": {
      "version": "1.0.2",
      "resolved": "http://registry.npm.taobao.org/os-tmpdir/download/os-tmpdir-1.0.2.tgz",
      "integrity": "sha1-u+Z0BseaqFxc/sdm/lc0VV36EnQ=",
      "dev": true
    },
    "p-finally": {
      "version": "1.0.0",
      "resolved": "http://registry.npm.taobao.org/p-finally/download/p-finally-1.0.0.tgz",
      "integrity": "sha1-P7z7FbiZpEEjs0ttzBi3JDNqLK4=",
      "dev": true
    },
    "p-limit": {
      "version": "1.1.0",
      "resolved": "http://registry.npm.taobao.org/p-limit/download/p-limit-1.1.0.tgz",
      "integrity": "sha1-sH/y2aXYi+yAYDWJWiurZqJ5iLw=",
      "dev": true
    },
    "p-locate": {
      "version": "2.0.0",
      "resolved": "http://registry.npm.taobao.org/p-locate/download/p-locate-2.0.0.tgz",
      "integrity": "sha1-IKAQOyIqcMj9OcwuWAaA893l7EM=",
      "dev": true,
      "requires": {
        "p-limit": "1.1.0"
      }
    },
    "package-json": {
      "version": "4.0.1",
      "resolved": "http://registry.npm.taobao.org/package-json/download/package-json-4.0.1.tgz",
      "integrity": "sha1-iGmgQBJTZhxMTKPabCEh7VVfXu0=",
      "dev": true,
      "requires": {
        "got": "6.7.1",
        "registry-auth-token": "3.3.1",
        "registry-url": "3.1.0",
        "semver": "5.4.1"
      }
    },
    "parse-json": {
      "version": "4.0.0",
      "resolved": "http://registry.npm.taobao.org/parse-json/download/parse-json-4.0.0.tgz",
      "integrity": "sha1-vjX1Qlvh9/bHRxhPmKeIy5lHfuA=",
      "dev": true,
      "requires": {
        "error-ex": "1.3.1",
        "json-parse-better-errors": "1.0.1"
      }
    },
    "path-exists": {
      "version": "3.0.0",
      "resolved": "http://registry.npm.taobao.org/path-exists/download/path-exists-3.0.0.tgz",
      "integrity": "sha1-zg6+ql94yxiSXqfYENe1mwEP1RU=",
      "dev": true
    },
    "path-is-absolute": {
      "version": "1.0.1",
      "resolved": "http://registry.npm.taobao.org/path-is-absolute/download/path-is-absolute-1.0.1.tgz",
      "integrity": "sha1-F0uSaHNVNP+8es5r9TpanhtcX18=",
      "dev": true
    },
    "path-is-inside": {
      "version": "1.0.2",
      "resolved": "http://registry.npm.taobao.org/path-is-inside/download/path-is-inside-1.0.2.tgz",
      "integrity": "sha1-NlQX3t5EQw0cEa9hAn+s8HS9/FM=",
      "dev": true
    },
    "path-key": {
      "version": "2.0.1",
      "resolved": "http://registry.npm.taobao.org/path-key/download/path-key-2.0.1.tgz",
      "integrity": "sha1-QRyttXTFoUDTpLGRDUDYDMn0C0A=",
      "dev": true
    },
    "path-parse": {
      "version": "1.0.5",
      "resolved": "http://registry.npm.taobao.org/path-parse/download/path-parse-1.0.5.tgz",
      "integrity": "sha1-PBrfhx6pzWyUMbbqK9dKD/BVxME=",
      "dev": true
    },
    "path-type": {
      "version": "3.0.0",
      "resolved": "http://registry.npm.taobao.org/path-type/download/path-type-3.0.0.tgz",
      "integrity": "sha1-zvMdyOCho7sNEFwM2Xzzv0f0428=",
      "dev": true,
      "requires": {
        "pify": "3.0.0"
      }
    },
    "pify": {
      "version": "3.0.0",
      "resolved": "http://registry.npm.taobao.org/pify/download/pify-3.0.0.tgz",
      "integrity": "sha1-5aSs0sEB/fPZpNB/DbxNtJ3SgXY=",
      "dev": true
    },
    "prepend-http": {
      "version": "1.0.4",
      "resolved": "http://registry.npm.taobao.org/prepend-http/download/prepend-http-1.0.4.tgz",
      "integrity": "sha1-1PRWKwzjaW5BrFLQ4ALlemNdxtw=",
      "dev": true
    },
    "pseudomap": {
      "version": "1.0.2",
      "resolved": "http://registry.npm.taobao.org/pseudomap/download/pseudomap-1.0.2.tgz",
      "integrity": "sha1-8FKijacOYYkX7wqKw0wa5aaChrM=",
      "dev": true
    },
    "quick-lru": {
      "version": "1.1.0",
      "resolved": "http://registry.npm.taobao.org/quick-lru/download/quick-lru-1.1.0.tgz",
      "integrity": "sha1-Q2CxfGETatOAeDl/8RQW4Ybc+7g=",
      "dev": true
    },
    "rc": {
      "version": "1.2.2",
      "resolved": "http://registry.npm.taobao.org/rc/download/rc-1.2.2.tgz",
      "integrity": "sha1-2M6ctX6NZNnHut2YdsfDTL48cHc=",
      "dev": true,
      "requires": {
        "deep-extend": "0.4.2",
        "ini": "1.3.5",
        "minimist": "1.2.0",
        "strip-json-comments": "2.0.1"
      }
    },
    "read-pkg": {
      "version": "3.0.0",
      "resolved": "http://registry.npm.taobao.org/read-pkg/download/read-pkg-3.0.0.tgz",
      "integrity": "sha1-nLxoaXj+5l0WwA4rGcI3/Pbjg4k=",
      "dev": true,
      "requires": {
        "load-json-file": "4.0.0",
        "normalize-package-data": "2.4.0",
        "path-type": "3.0.0"
      }
    },
    "read-pkg-up": {
      "version": "3.0.0",
      "resolved": "http://registry.npm.taobao.org/read-pkg-up/download/read-pkg-up-3.0.0.tgz",
      "integrity": "sha1-PtSWaF26D4/hGNBpHcUfSh/5bwc=",
      "dev": true,
      "requires": {
        "find-up": "2.1.0",
        "read-pkg": "3.0.0"
      }
    },
    "redent": {
      "version": "2.0.0",
      "resolved": "http://registry.npm.taobao.org/redent/download/redent-2.0.0.tgz",
      "integrity": "sha1-wbIAe0LVfrE4kHmzyDM2OdXhzKo=",
      "dev": true,
      "requires": {
        "indent-string": "3.2.0",
        "strip-indent": "2.0.0"
      }
    },
    "registry-auth-token": {
      "version": "3.3.1",
      "resolved": "http://registry.npm.taobao.org/registry-auth-token/download/registry-auth-token-3.3.1.tgz",
      "integrity": "sha1-+w0yie4Nmtosu1KvXf5mywcNMAY=",
      "dev": true,
      "requires": {
        "rc": "1.2.2",
        "safe-buffer": "5.1.1"
      }
    },
    "registry-url": {
      "version": "3.1.0",
      "resolved": "http://registry.npm.taobao.org/registry-url/download/registry-url-3.1.0.tgz",
      "integrity": "sha1-PU74cPc93h138M+aOBQyRE4XSUI=",
      "dev": true,
      "requires": {
        "rc": "1.2.2"
      }
    },
    "resolve": {
      "version": "1.5.0",
      "resolved": "http://registry.npm.taobao.org/resolve/download/resolve-1.5.0.tgz",
      "integrity": "sha1-HwmsznlsmnYlefMbLBzEw83fnzY=",
      "dev": true,
      "requires": {
        "path-parse": "1.0.5"
      }
    },
    "restore-cursor": {
      "version": "2.0.0",
      "resolved": "http://registry.npm.taobao.org/restore-cursor/download/restore-cursor-2.0.0.tgz",
      "integrity": "sha1-n37ih/gv0ybU/RYpI9YhKe7g368=",
      "dev": true,
      "requires": {
        "onetime": "2.0.1",
        "signal-exit": "3.0.2"
      }
    },
    "rimraf": {
      "version": "2.6.2",
      "resolved": "http://registry.npm.taobao.org/rimraf/download/rimraf-2.6.2.tgz",
      "integrity": "sha1-LtgVDSShbqhlHm1u8PR8QVjOejY=",
      "dev": true,
      "requires": {
        "glob": "7.1.2"
      }
    },
    "run-async": {
      "version": "2.3.0",
      "resolved": "http://registry.npm.taobao.org/run-async/download/run-async-2.3.0.tgz",
      "integrity": "sha1-A3GrSuC91yDUFm19/aZP96RFpsA=",
      "dev": true,
      "requires": {
        "is-promise": "2.1.0"
      }
    },
    "rx-lite": {
      "version": "4.0.8",
      "resolved": "http://registry.npm.taobao.org/rx-lite/download/rx-lite-4.0.8.tgz",
      "integrity": "sha1-Cx4Rr4vESDbwSmQH6S2kJGe3lEQ=",
      "dev": true
    },
    "rx-lite-aggregates": {
      "version": "4.0.8",
      "resolved": "http://registry.npm.taobao.org/rx-lite-aggregates/download/rx-lite-aggregates-4.0.8.tgz",
      "integrity": "sha1-dTuHqJoRyVRnxKwWJsTvxOBcZ74=",
      "dev": true,
      "requires": {
        "rx-lite": "4.0.8"
      }
    },
    "safe-buffer": {
      "version": "5.1.1",
      "resolved": "http://registry.npm.taobao.org/safe-buffer/download/safe-buffer-5.1.1.tgz",
      "integrity": "sha1-iTMSr2myEj3vcfV4iQAWce6yyFM=",
      "dev": true
    },
    "semver": {
      "version": "5.4.1",
      "resolved": "http://registry.npm.taobao.org/semver/download/semver-5.4.1.tgz",
      "integrity": "sha1-4FnAnYVx8FQII3M0M1BdOi8AsY4=",
      "dev": true
    },
    "semver-diff": {
      "version": "2.1.0",
      "resolved": "http://registry.npm.taobao.org/semver-diff/download/semver-diff-2.1.0.tgz",
      "integrity": "sha1-S7uEN8jTfksM8aaP1ybsbWRdbTY=",
      "dev": true,
      "requires": {
        "semver": "5.4.1"
      }
    },
    "shebang-command": {
      "version": "1.2.0",
      "resolved": "http://registry.npm.taobao.org/shebang-command/download/shebang-command-1.2.0.tgz",
      "integrity": "sha1-RKrGW2lbAzmJaMOfNj/uXer98eo=",
      "dev": true,
      "requires": {
        "shebang-regex": "1.0.0"
      }
    },
    "shebang-regex": {
      "version": "1.0.0",
      "resolved": "http://registry.npm.taobao.org/shebang-regex/download/shebang-regex-1.0.0.tgz",
      "integrity": "sha1-2kL0l0DAtC2yypcoVxyxkMmO/qM=",
      "dev": true
    },
    "signal-exit": {
      "version": "3.0.2",
      "resolved": "http://registry.npm.taobao.org/signal-exit/download/signal-exit-3.0.2.tgz",
      "integrity": "sha1-tf3AjxKH6hF4Yo5BXiUTK3NkbG0=",
      "dev": true
    },
    "spdx-correct": {
      "version": "1.0.2",
      "resolved": "http://registry.npm.taobao.org/spdx-correct/download/spdx-correct-1.0.2.tgz",
      "integrity": "sha1-SzBz2TP/UfORLwOsVRlJikFQ20A=",
      "dev": true,
      "requires": {
        "spdx-license-ids": "1.2.2"
      }
    },
    "spdx-expression-parse": {
      "version": "1.0.4",
      "resolved": "http://registry.npm.taobao.org/spdx-expression-parse/download/spdx-expression-parse-1.0.4.tgz",
      "integrity": "sha1-m98vIOH0DtRH++JzJmGR/O1RYmw=",
      "dev": true
    },
    "spdx-license-ids": {
      "version": "1.2.2",
      "resolved": "http://registry.npm.taobao.org/spdx-license-ids/download/spdx-license-ids-1.2.2.tgz",
      "integrity": "sha1-yd96NCRZSt5r0RkA1ZZpbcBrrFc=",
      "dev": true
    },
    "string-width": {
      "version": "2.1.1",
      "resolved": "http://registry.npm.taobao.org/string-width/download/string-width-2.1.1.tgz",
      "integrity": "sha1-q5Pyeo3BPSjKyBXEYhQ6bZASrp4=",
      "dev": true,
      "requires": {
        "is-fullwidth-code-point": "2.0.0",
        "strip-ansi": "4.0.0"
      }
    },
    "strip-ansi": {
      "version": "4.0.0",
      "resolved": "http://registry.npm.taobao.org/strip-ansi/download/strip-ansi-4.0.0.tgz",
      "integrity": "sha1-qEeQIusaw2iocTibY1JixQXuNo8=",
      "dev": true,
      "requires": {
        "ansi-regex": "3.0.0"
      }
    },
    "strip-bom": {
      "version": "3.0.0",
      "resolved": "http://registry.npm.taobao.org/strip-bom/download/strip-bom-3.0.0.tgz",
      "integrity": "sha1-IzTBjpx1n3vdVv3vfprj1YjmjtM=",
      "dev": true
    },
    "strip-eof": {
      "version": "1.0.0",
      "resolved": "http://registry.npm.taobao.org/strip-eof/download/strip-eof-1.0.0.tgz",
      "integrity": "sha1-u0P/VZim6wXYm1n80SnJgzE2Br8=",
      "dev": true
    },
    "strip-indent": {
      "version": "2.0.0",
      "resolved": "http://registry.npm.taobao.org/strip-indent/download/strip-indent-2.0.0.tgz",
      "integrity": "sha1-XvjbKV0B5u1sv3qrlpmNeCJSe2g=",
      "dev": true
    },
    "strip-json-comments": {
      "version": "2.0.1",
      "resolved": "http://registry.npm.taobao.org/strip-json-comments/download/strip-json-comments-2.0.1.tgz",
      "integrity": "sha1-PFMZQukIwml8DsNEhYwobHygpgo=",
      "dev": true
    },
    "supports-color": {
      "version": "4.5.0",
      "resolved": "http://registry.npm.taobao.org/supports-color/download/supports-color-4.5.0.tgz",
      "integrity": "sha1-vnoN5ITexcXN34s9WRJQRJEvY1s=",
      "dev": true,
      "requires": {
        "has-flag": "2.0.0"
      }
    },
    "term-size": {
      "version": "1.2.0",
      "resolved": "http://registry.npm.taobao.org/term-size/download/term-size-1.2.0.tgz",
      "integrity": "sha1-RYuDiH8oj8Vtb/+/rSYuJmOO+mk=",
      "dev": true,
      "requires": {
        "execa": "0.7.0"
      }
    },
    "through": {
      "version": "2.3.8",
      "resolved": "http://registry.npm.taobao.org/through/download/through-2.3.8.tgz",
      "integrity": "sha1-DdTJ/6q8NXlgsbckEV1+Doai4fU=",
      "dev": true
    },
    "timed-out": {
      "version": "4.0.1",
      "resolved": "http://registry.npm.taobao.org/timed-out/download/timed-out-4.0.1.tgz",
      "integrity": "sha1-8y6srFoXW+ol1/q1Zas+2HQe9W8=",
      "dev": true
    },
    "tmp": {
      "version": "0.0.33",
      "resolved": "http://registry.npm.taobao.org/tmp/download/tmp-0.0.33.tgz",
      "integrity": "sha1-bTQzWIl2jSGyvNoKonfO07G/rfk=",
      "dev": true,
      "requires": {
        "os-tmpdir": "1.0.2"
      }
    },
    "trim-newlines": {
      "version": "2.0.0",
      "resolved": "http://registry.npm.taobao.org/trim-newlines/download/trim-newlines-2.0.0.tgz",
      "integrity": "sha1-tAPQuRvlDDMd/EuC7s6yLD3hbSA=",
      "dev": true
    },
    "tslib": {
      "version": "1.8.1",
      "resolved": "http://registry.npm.taobao.org/tslib/download/tslib-1.8.1.tgz",
      "integrity": "sha1-aUavLR1lGnsYY7Ux1uWvpBqkTqw=",
      "dev": true
    },
    "tslint": {
      "version": "5.8.0",
      "resolved": "http://registry.npm.taobao.org/tslint/download/tslint-5.8.0.tgz",
      "integrity": "sha1-H0mtWy53x2w69N3K5VKuTjYS6xM=",
      "dev": true,
      "requires": {
        "babel-code-frame": "6.26.0",
        "builtin-modules": "1.1.1",
        "chalk": "2.3.0",
        "commander": "2.12.2",
        "diff": "3.4.0",
        "glob": "7.1.2",
        "minimatch": "3.0.4",
        "resolve": "1.5.0",
        "semver": "5.4.1",
        "tslib": "1.8.1",
        "tsutils": "2.13.1"
      }
    },
    "tsutils": {
      "version": "2.13.1",
      "resolved": "http://registry.npm.taobao.org/tsutils/download/tsutils-2.13.1.tgz",
      "integrity": "sha1-1tHMD3wEz5+zsoopKXPP+5z74Jo=",
      "dev": true,
      "requires": {
        "tslib": "1.8.1"
      }
    },
    "typescript": {
      "version": "2.6.2",
      "resolved": "http://registry.npm.taobao.org/typescript/download/typescript-2.6.2.tgz",
      "integrity": "sha1-PFtv1/beCRQmkCfwPAlGdY92c6Q=",
      "dev": true
    },
    "unique-string": {
      "version": "1.0.0",
      "resolved": "http://registry.npm.taobao.org/unique-string/download/unique-string-1.0.0.tgz",
      "integrity": "sha1-nhBXzKhRq7kzmPizOuGHuZyuwRo=",
      "dev": true,
      "requires": {
        "crypto-random-string": "1.0.0"
      }
    },
    "unzip-response": {
      "version": "2.0.1",
      "resolved": "http://registry.npm.taobao.org/unzip-response/download/unzip-response-2.0.1.tgz",
      "integrity": "sha1-0vD3N9FrBhXnKmk17QQhRXLVb5c=",
      "dev": true
    },
    "update-notifier": {
      "version": "2.3.0",
      "resolved": "http://registry.npm.taobao.org/update-notifier/download/update-notifier-2.3.0.tgz",
      "integrity": "sha1-TognpruRUUCrCTVZ1wFOPruDdFE=",
      "dev": true,
      "requires": {
        "boxen": "1.3.0",
        "chalk": "2.3.0",
        "configstore": "3.1.1",
        "import-lazy": "2.1.0",
        "is-installed-globally": "0.1.0",
        "is-npm": "1.0.0",
        "latest-version": "3.1.0",
        "semver-diff": "2.1.0",
        "xdg-basedir": "3.0.0"
      }
    },
    "url-parse-lax": {
      "version": "1.0.0",
      "resolved": "http://registry.npm.taobao.org/url-parse-lax/download/url-parse-lax-1.0.0.tgz",
      "integrity": "sha1-evjzA2Rem9eaJy56FKxovAYJ2nM=",
      "dev": true,
      "requires": {
        "prepend-http": "1.0.4"
      }
    },
    "validate-npm-package-license": {
      "version": "3.0.1",
      "resolved": "http://registry.npm.taobao.org/validate-npm-package-license/download/validate-npm-package-license-3.0.1.tgz",
      "integrity": "sha1-KAS6vnEq0zeUWaz74kdGqywwP7w=",
      "dev": true,
      "requires": {
        "spdx-correct": "1.0.2",
        "spdx-expression-parse": "1.0.4"
      }
    },
    "vue": {
      "version": "2.5.13",
      "resolved": "http://registry.npm.taobao.org/vue/download/vue-2.5.13.tgz",
      "integrity": "sha1-lb0x4g7896fzkjnJqmeHzoz1eOE="
    },
    "which": {
      "version": "1.3.0",
      "resolved": "http://registry.npm.taobao.org/which/download/which-1.3.0.tgz",
      "integrity": "sha1-/wS9/AEO5UfXgL7DjhrBwnd9JTo=",
      "dev": true,
      "requires": {
        "isexe": "2.0.0"
      }
    },
    "widest-line": {
      "version": "2.0.0",
      "resolved": "http://registry.npm.taobao.org/widest-line/download/widest-line-2.0.0.tgz",
      "integrity": "sha1-AUKk6KJD+IgsAjOqDgKBqnYVInM=",
      "dev": true,
      "requires": {
        "string-width": "2.1.1"
      }
    },
    "wrappy": {
      "version": "1.0.2",
      "resolved": "http://registry.npm.taobao.org/wrappy/download/wrappy-1.0.2.tgz",
      "integrity": "sha1-tSQ9jz7BqjXxNkYFvA0QNuMKtp8=",
      "dev": true
    },
    "write-file-atomic": {
      "version": "2.3.0",
      "resolved": "http://registry.npm.taobao.org/write-file-atomic/download/write-file-atomic-2.3.0.tgz",
      "integrity": "sha1-H/YVdcLipOjlENb6TiQ8zhg5mas=",
      "dev": true,
      "requires": {
        "graceful-fs": "4.1.11",
        "imurmurhash": "0.1.4",
        "signal-exit": "3.0.2"
      }
    },
    "xdg-basedir": {
      "version": "3.0.0",
      "resolved": "http://registry.npm.taobao.org/xdg-basedir/download/xdg-basedir-3.0.0.tgz",
      "integrity": "sha1-SWsswQnsqNus/i3HK2A8F8WHCtQ=",
      "dev": true
    },
    "yallist": {
      "version": "2.1.2",
      "resolved": "http://registry.npm.taobao.org/yallist/download/yallist-2.1.2.tgz",
      "integrity": "sha1-HBH5IY8HYImkfdUS+TxmmaaoHVI=",
      "dev": true
    }
  }
}
